{
  "version": 4,
  "terraform_version": "1.13.3",
  "serial": 8,
  "lineage": "cf272076-13f8-a31a-2fc6-fd66f90b7c73",
  "outputs": {
    "rg_name": {
      "value": "Cloud-computing-project-b9314cffe1b8",
      "type": "string"
    },
    "server_name": {
      "value": "counter-b9314cffe1b8",
      "type": "string"
    },
    "sql_connection_string": {
      "value": "counter-b9314cffe1b8.database.windows.net",
      "type": "string"
    }
  },
  "resources": [
    {
      "mode": "managed",
      "type": "random_id",
      "name": "suffix",
      "provider": "provider[\"registry.terraform.io/hashicorp/random\"]",
      "instances": [
        {
          "schema_version": 0,
          "attributes": {
            "b64_std": "uTFM/+G4",
            "b64_url": "uTFM_-G4",
            "byte_length": 6,
            "dec": "203621396373944",
            "hex": "b9314cffe1b8",
            "id": "uTFM_-G4",
            "keepers": null,
            "prefix": null
          },
          "sensitive_attributes": [],
          "identity_schema_version": 0
        }
      ]
    },
    {
      "module": "module.database",
      "mode": "managed",
      "type": "azurerm_mssql_database",
      "name": "db",
      "provider": "provider[\"registry.terraform.io/hashicorp/azurerm\"]",
      "instances": [
        {
          "schema_version": 1,
          "attributes": {
            "auto_pause_delay_in_minutes": 0,
            "collation": "SQL_Latin1_General_CP1_CI_AS",
            "create_mode": "Default",
            "creation_source_database_id": null,
            "elastic_pool_id": "",
            "enclave_type": "",
            "geo_backup_enabled": true,
            "id": "/subscriptions/e6b14f0e-1449-4f72-8c4a-e69f5a78d755/resourceGroups/Cloud-computing-project-b9314cffe1b8/providers/Microsoft.Sql/servers/counter-b9314cffe1b8/databases/counter",
            "identity": [],
            "import": [],
            "ledger_enabled": false,
            "license_type": "LicenseIncluded",
            "long_term_retention_policy": [
              {
                "immutable_backups_enabled": false,
                "monthly_retention": "PT0S",
                "week_of_year": 1,
                "weekly_retention": "PT0S",
                "yearly_retention": "PT0S"
              }
            ],
            "maintenance_configuration_name": "SQL_Default",
            "max_size_gb": 32,
            "min_capacity": 0,
            "name": "counter",
            "read_replica_count": 0,
            "read_scale": false,
            "recover_database_id": null,
            "recovery_point_id": null,
            "restore_dropped_database_id": null,
            "restore_long_term_retention_backup_id": null,
            "restore_point_in_time": null,
            "sample_name": null,
            "secondary_type": "",
            "server_id": "/subscriptions/e6b14f0e-1449-4f72-8c4a-e69f5a78d755/resourceGroups/Cloud-computing-project-b9314cffe1b8/providers/Microsoft.Sql/servers/counter-b9314cffe1b8",
            "short_term_retention_policy": [
              {
                "backup_interval_in_hours": 12,
                "retention_days": 7
              }
            ],
            "sku_name": "GP_Gen5_2",
            "storage_account_type": "Geo",
            "tags": null,
            "threat_detection_policy": [
              {
                "disabled_alerts": [],
                "email_account_admins": "Disabled",
                "email_addresses": [],
                "retention_days": 0,
                "state": "Disabled",
                "storage_account_access_key": "",
                "storage_endpoint": ""
              }
            ],
            "timeouts": null,
            "transparent_data_encryption_enabled": true,
            "transparent_data_encryption_key_automatic_rotation_enabled": false,
            "transparent_data_encryption_key_vault_key_id": "",
            "zone_redundant": false
          },
          "sensitive_attributes": [
            [
              {
                "type": "get_attr",
                "value": "threat_detection_policy"
              },
              {
                "type": "index",
                "value": {
                  "value": 0,
                  "type": "number"
                }
              },
              {
                "type": "get_attr",
                "value": "storage_account_access_key"
              }
            ]
          ],
          "identity_schema_version": 0,
          "private": "eyJlMmJmYjczMC1lY2FhLTExZTYtOGY4OC0zNDM2M2JjN2M0YzAiOnsiY3JlYXRlIjozNjAwMDAwMDAwMDAwLCJkZWxldGUiOjM2MDAwMDAwMDAwMDAsInJlYWQiOjMwMDAwMDAwMDAwMCwidXBkYXRlIjozNjAwMDAwMDAwMDAwfSwic2NoZW1hX3ZlcnNpb24iOiIxIn0=",
          "dependencies": [
            "module.database.azurerm_mssql_server.server",
            "module.resource_group.azurerm_resource_group.rg",
            "random_id.suffix"
          ]
        }
      ]
    },
    {
      "module": "module.database",
      "mode": "managed",
      "type": "azurerm_mssql_server",
      "name": "server",
      "provider": "provider[\"registry.terraform.io/hashicorp/azurerm\"]",
      "instances": [
        {
          "schema_version": 0,
          "attributes": {
            "administrator_login": "adminuser",
            "administrator_login_password": "P@ssword123",
            "azuread_administrator": [],
            "connection_policy": "Default",
            "fully_qualified_domain_name": "counter-b9314cffe1b8.database.windows.net",
            "id": "/subscriptions/e6b14f0e-1449-4f72-8c4a-e69f5a78d755/resourceGroups/Cloud-computing-project-b9314cffe1b8/providers/Microsoft.Sql/servers/counter-b9314cffe1b8",
            "identity": [],
            "location": "francecentral",
            "minimum_tls_version": "1.2",
            "name": "counter-b9314cffe1b8",
            "outbound_network_restriction_enabled": false,
            "primary_user_assigned_identity_id": "",
            "public_network_access_enabled": true,
            "resource_group_name": "Cloud-computing-project-b9314cffe1b8",
            "restorable_dropped_database_ids": [],
            "tags": null,
            "timeouts": null,
            "transparent_data_encryption_key_vault_key_id": "",
            "version": "12.0"
          },
          "sensitive_attributes": [
            [
              {
                "type": "get_attr",
                "value": "administrator_login_password"
              }
            ]
          ],
          "identity_schema_version": 0,
          "private": "eyJlMmJmYjczMC1lY2FhLTExZTYtOGY4OC0zNDM2M2JjN2M0YzAiOnsiY3JlYXRlIjozNjAwMDAwMDAwMDAwLCJkZWxldGUiOjM2MDAwMDAwMDAwMDAsInJlYWQiOjMwMDAwMDAwMDAwMCwidXBkYXRlIjozNjAwMDAwMDAwMDAwfX0=",
          "dependencies": [
            "module.resource_group.azurerm_resource_group.rg",
            "random_id.suffix"
          ]
        }
      ]
    },
    {
      "module": "module.database",
      "mode": "managed",
      "type": "azurerm_private_endpoint",
      "name": "db_private_endpoint",
      "provider": "provider[\"registry.terraform.io/hashicorp/azurerm\"]",
      "instances": [
        {
          "schema_version": 0,
          "attributes": {
            "custom_dns_configs": [
              {
                "fqdn": "counter-b9314cffe1b8.database.windows.net",
                "ip_addresses": [
                  "10.0.1.4"
                ]
              }
            ],
            "custom_network_interface_name": "",
            "id": "/subscriptions/e6b14f0e-1449-4f72-8c4a-e69f5a78d755/resourceGroups/Cloud-computing-project-b9314cffe1b8/providers/Microsoft.Network/privateEndpoints/db-private-endpoint",
            "ip_configuration": [],
            "location": "francecentral",
            "name": "db-private-endpoint",
            "network_interface": [
              {
                "id": "/subscriptions/e6b14f0e-1449-4f72-8c4a-e69f5a78d755/resourceGroups/Cloud-computing-project-b9314cffe1b8/providers/Microsoft.Network/networkInterfaces/db-private-endpoint.nic.e69b3980-de52-493f-aa23-b802457b9372",
                "name": "db-private-endpoint.nic.e69b3980-de52-493f-aa23-b802457b9372"
              }
            ],
            "private_dns_zone_configs": [],
            "private_dns_zone_group": [],
            "private_service_connection": [
              {
                "is_manual_connection": false,
                "name": "sql-private-connection",
                "private_connection_resource_alias": "",
                "private_connection_resource_id": "/subscriptions/e6b14f0e-1449-4f72-8c4a-e69f5a78d755/resourceGroups/Cloud-computing-project-b9314cffe1b8/providers/Microsoft.Sql/servers/counter-b9314cffe1b8",
                "private_ip_address": "10.0.1.4",
                "request_message": "",
                "subresource_names": [
                  "sqlServer"
                ]
              }
            ],
            "resource_group_name": "Cloud-computing-project-b9314cffe1b8",
            "subnet_id": "/subscriptions/e6b14f0e-1449-4f72-8c4a-e69f5a78d755/resourceGroups/Cloud-computing-project-b9314cffe1b8/providers/Microsoft.Network/virtualNetworks/vnet-10-0-0-0-16/subnets/database-subnet",
            "tags": null,
            "timeouts": null
          },
          "sensitive_attributes": [],
          "identity_schema_version": 0,
          "private": "eyJlMmJmYjczMC1lY2FhLTExZTYtOGY4OC0zNDM2M2JjN2M0YzAiOnsiY3JlYXRlIjozNjAwMDAwMDAwMDAwLCJkZWxldGUiOjM2MDAwMDAwMDAwMDAsInJlYWQiOjMwMDAwMDAwMDAwMCwidXBkYXRlIjozNjAwMDAwMDAwMDAwfX0=",
          "dependencies": [
            "module.database.azurerm_mssql_server.server",
            "module.resource_group.azurerm_resource_group.rg",
            "module.virtual_network.azurerm_subnet.database",
            "module.virtual_network.azurerm_virtual_network.vnet",
            "random_id.suffix"
          ]
        }
      ]
    },
    {
      "module": "module.resource_group",
      "mode": "managed",
      "type": "azurerm_resource_group",
      "name": "rg",
      "provider": "provider[\"registry.terraform.io/hashicorp/azurerm\"]",
      "instances": [
        {
          "schema_version": 0,
          "attributes": {
            "id": "/subscriptions/e6b14f0e-1449-4f72-8c4a-e69f5a78d755/resourceGroups/Cloud-computing-project-b9314cffe1b8",
            "location": "francecentral",
            "managed_by": "",
            "name": "Cloud-computing-project-b9314cffe1b8",
            "tags": null,
            "timeouts": null
          },
          "sensitive_attributes": [],
          "identity_schema_version": 0,
          "private": "eyJlMmJmYjczMC1lY2FhLTExZTYtOGY4OC0zNDM2M2JjN2M0YzAiOnsiY3JlYXRlIjo1NDAwMDAwMDAwMDAwLCJkZWxldGUiOjU0MDAwMDAwMDAwMDAsInJlYWQiOjMwMDAwMDAwMDAwMCwidXBkYXRlIjo1NDAwMDAwMDAwMDAwfX0=",
          "dependencies": [
            "random_id.suffix"
          ]
        }
      ]
    },
    {
      "module": "module.virtual_network",
      "mode": "managed",
      "type": "azurerm_subnet",
      "name": "database",
      "provider": "provider[\"registry.terraform.io/hashicorp/azurerm\"]",
      "instances": [
        {
          "schema_version": 0,
          "attributes": {
            "address_prefixes": [
              "10.0.1.0/24"
            ],
            "default_outbound_access_enabled": true,
            "delegation": [],
            "enforce_private_link_endpoint_network_policies": false,
            "enforce_private_link_service_network_policies": false,
            "id": "/subscriptions/e6b14f0e-1449-4f72-8c4a-e69f5a78d755/resourceGroups/Cloud-computing-project-b9314cffe1b8/providers/Microsoft.Network/virtualNetworks/vnet-10-0-0-0-16/subnets/database-subnet",
            "name": "database-subnet",
            "private_endpoint_network_policies": "Enabled",
            "private_endpoint_network_policies_enabled": true,
            "private_link_service_network_policies_enabled": true,
            "resource_group_name": "Cloud-computing-project-b9314cffe1b8",
            "service_endpoint_policy_ids": null,
            "service_endpoints": null,
            "timeouts": null,
            "virtual_network_name": "vnet-10-0-0-0-16"
          },
          "sensitive_attributes": [],
          "identity_schema_version": 0,
          "private": "eyJlMmJmYjczMC1lY2FhLTExZTYtOGY4OC0zNDM2M2JjN2M0YzAiOnsiY3JlYXRlIjoxODAwMDAwMDAwMDAwLCJkZWxldGUiOjE4MDAwMDAwMDAwMDAsInJlYWQiOjMwMDAwMDAwMDAwMCwidXBkYXRlIjoxODAwMDAwMDAwMDAwfX0=",
          "dependencies": [
            "module.resource_group.azurerm_resource_group.rg",
            "module.virtual_network.azurerm_virtual_network.vnet",
            "random_id.suffix"
          ]
        }
      ]
    },
    {
      "module": "module.virtual_network",
      "mode": "managed",
      "type": "azurerm_virtual_network",
      "name": "vnet",
      "provider": "provider[\"registry.terraform.io/hashicorp/azurerm\"]",
      "instances": [
        {
          "schema_version": 0,
          "attributes": {
            "address_space": [
              "10.0.0.0/16"
            ],
            "bgp_community": "",
            "ddos_protection_plan": [],
            "dns_servers": [],
            "edge_zone": "",
            "encryption": [],
            "flow_timeout_in_minutes": 0,
            "guid": "1a1cedc5-2eda-4d4f-a92b-79dac29e7f11",
            "id": "/subscriptions/e6b14f0e-1449-4f72-8c4a-e69f5a78d755/resourceGroups/Cloud-computing-project-b9314cffe1b8/providers/Microsoft.Network/virtualNetworks/vnet-10-0-0-0-16",
            "location": "francecentral",
            "name": "vnet-10-0-0-0-16",
            "resource_group_name": "Cloud-computing-project-b9314cffe1b8",
            "subnet": [],
            "tags": null,
            "timeouts": null
          },
          "sensitive_attributes": [],
          "identity_schema_version": 0,
          "private": "eyJlMmJmYjczMC1lY2FhLTExZTYtOGY4OC0zNDM2M2JjN2M0YzAiOnsiY3JlYXRlIjoxODAwMDAwMDAwMDAwLCJkZWxldGUiOjE4MDAwMDAwMDAwMDAsInJlYWQiOjMwMDAwMDAwMDAwMCwidXBkYXRlIjoxODAwMDAwMDAwMDAwfX0=",
          "dependencies": [
            "module.resource_group.azurerm_resource_group.rg",
            "random_id.suffix"
          ]
        }
      ]
    }
  ],
  "check_results": null
}
