{
  "version": 4,
  "terraform_version": "1.13.3",
  "serial": 17,
  "lineage": "cf272076-13f8-a31a-2fc6-fd66f90b7c73",
  "outputs": {
    "rg_name": {
      "value": "Cloud-computing-project-b9314cffe1b8",
      "type": "string"
    },
    "server_name": {
      "value": "counter-b9314cffe1b8",
      "type": "string"
    },
    "sql_connection_string": {
      "value": "counter-b9314cffe1b8.database.windows.net",
      "type": "string"
    }
  },
  "resources": [
    {
      "mode": "managed",
      "type": "random_id",
      "name": "suffix",
      "provider": "provider[\"registry.terraform.io/hashicorp/random\"]",
      "instances": [
        {
          "schema_version": 0,
          "attributes": {
            "b64_std": "uTFM/+G4",
            "b64_url": "uTFM_-G4",
            "byte_length": 6,
            "dec": "203621396373944",
            "hex": "b9314cffe1b8",
            "id": "uTFM_-G4",
            "keepers": null,
            "prefix": null
          },
          "sensitive_attributes": [],
          "identity_schema_version": 0
        }
      ]
    },
    {
      "module": "module.database",
      "mode": "managed",
      "type": "azurerm_mssql_database",
      "name": "db",
      "provider": "provider[\"registry.terraform.io/hashicorp/azurerm\"]",
      "instances": [
        {
          "schema_version": 1,
          "attributes": {
            "auto_pause_delay_in_minutes": 0,
            "collation": "SQL_Latin1_General_CP1_CI_AS",
            "create_mode": "Default",
            "creation_source_database_id": null,
            "elastic_pool_id": "",
            "enclave_type": "",
            "geo_backup_enabled": true,
            "id": "/subscriptions/e6b14f0e-1449-4f72-8c4a-e69f5a78d755/resourceGroups/Cloud-computing-project-b9314cffe1b8/providers/Microsoft.Sql/servers/counter-b9314cffe1b8/databases/counter",
            "identity": [],
            "import": [],
            "ledger_enabled": false,
            "license_type": "LicenseIncluded",
            "long_term_retention_policy": [
              {
                "immutable_backups_enabled": false,
                "monthly_retention": "PT0S",
                "week_of_year": 1,
                "weekly_retention": "PT0S",
                "yearly_retention": "PT0S"
              }
            ],
            "maintenance_configuration_name": "SQL_Default",
            "max_size_gb": 32,
            "min_capacity": 0,
            "name": "counter",
            "read_replica_count": 0,
            "read_scale": false,
            "recover_database_id": null,
            "recovery_point_id": null,
            "restore_dropped_database_id": null,
            "restore_long_term_retention_backup_id": null,
            "restore_point_in_time": null,
            "sample_name": null,
            "secondary_type": "",
            "server_id": "/subscriptions/e6b14f0e-1449-4f72-8c4a-e69f5a78d755/resourceGroups/Cloud-computing-project-b9314cffe1b8/providers/Microsoft.Sql/servers/counter-b9314cffe1b8",
            "short_term_retention_policy": [
              {
                "backup_interval_in_hours": 12,
                "retention_days": 7
              }
            ],
            "sku_name": "GP_Gen5_2",
            "storage_account_type": "Geo",
            "tags": null,
            "threat_detection_policy": [
              {
                "disabled_alerts": [],
                "email_account_admins": "Disabled",
                "email_addresses": [],
                "retention_days": 0,
                "state": "Disabled",
                "storage_account_access_key": "",
                "storage_endpoint": ""
              }
            ],
            "timeouts": null,
            "transparent_data_encryption_enabled": true,
            "transparent_data_encryption_key_automatic_rotation_enabled": false,
            "transparent_data_encryption_key_vault_key_id": "",
            "zone_redundant": false
          },
          "sensitive_attributes": [
            [
              {
                "type": "get_attr",
                "value": "threat_detection_policy"
              },
              {
                "type": "index",
                "value": {
                  "value": 0,
                  "type": "number"
                }
              },
              {
                "type": "get_attr",
                "value": "storage_account_access_key"
              }
            ]
          ],
          "identity_schema_version": 0,
          "private": "eyJlMmJmYjczMC1lY2FhLTExZTYtOGY4OC0zNDM2M2JjN2M0YzAiOnsiY3JlYXRlIjozNjAwMDAwMDAwMDAwLCJkZWxldGUiOjM2MDAwMDAwMDAwMDAsInJlYWQiOjMwMDAwMDAwMDAwMCwidXBkYXRlIjozNjAwMDAwMDAwMDAwfSwic2NoZW1hX3ZlcnNpb24iOiIxIn0=",
          "dependencies": [
            "module.database.azurerm_mssql_server.server",
            "module.resource_group.azurerm_resource_group.rg",
            "random_id.suffix"
          ]
        }
      ]
    },
    {
      "module": "module.database",
      "mode": "managed",
      "type": "azurerm_mssql_server",
      "name": "server",
      "provider": "provider[\"registry.terraform.io/hashicorp/azurerm\"]",
      "instances": [
        {
          "schema_version": 0,
          "attributes": {
            "administrator_login": "adminuser",
            "administrator_login_password": "P@ssword123",
            "azuread_administrator": [],
            "connection_policy": "Default",
            "fully_qualified_domain_name": "counter-b9314cffe1b8.database.windows.net",
            "id": "/subscriptions/e6b14f0e-1449-4f72-8c4a-e69f5a78d755/resourceGroups/Cloud-computing-project-b9314cffe1b8/providers/Microsoft.Sql/servers/counter-b9314cffe1b8",
            "identity": [],
            "location": "francecentral",
            "minimum_tls_version": "1.2",
            "name": "counter-b9314cffe1b8",
            "outbound_network_restriction_enabled": false,
            "primary_user_assigned_identity_id": "",
            "public_network_access_enabled": true,
            "resource_group_name": "Cloud-computing-project-b9314cffe1b8",
            "restorable_dropped_database_ids": [],
            "tags": null,
            "timeouts": null,
            "transparent_data_encryption_key_vault_key_id": "",
            "version": "12.0"
          },
          "sensitive_attributes": [
            [
              {
                "type": "get_attr",
                "value": "administrator_login_password"
              }
            ]
          ],
          "identity_schema_version": 0,
          "private": "eyJlMmJmYjczMC1lY2FhLTExZTYtOGY4OC0zNDM2M2JjN2M0YzAiOnsiY3JlYXRlIjozNjAwMDAwMDAwMDAwLCJkZWxldGUiOjM2MDAwMDAwMDAwMDAsInJlYWQiOjMwMDAwMDAwMDAwMCwidXBkYXRlIjozNjAwMDAwMDAwMDAwfX0=",
          "dependencies": [
            "module.resource_group.azurerm_resource_group.rg",
            "random_id.suffix"
          ]
        }
      ]
    },
    {
      "module": "module.database",
      "mode": "managed",
      "type": "azurerm_private_endpoint",
      "name": "db_private_endpoint",
      "provider": "provider[\"registry.terraform.io/hashicorp/azurerm\"]",
      "instances": [
        {
          "schema_version": 0,
          "attributes": {
            "custom_dns_configs": [
              {
                "fqdn": "counter-b9314cffe1b8.database.windows.net",
                "ip_addresses": [
                  "10.0.1.4"
                ]
              }
            ],
            "custom_network_interface_name": "",
            "id": "/subscriptions/e6b14f0e-1449-4f72-8c4a-e69f5a78d755/resourceGroups/Cloud-computing-project-b9314cffe1b8/providers/Microsoft.Network/privateEndpoints/db-private-endpoint",
            "ip_configuration": [],
            "location": "francecentral",
            "name": "db-private-endpoint",
            "network_interface": [
              {
                "id": "/subscriptions/e6b14f0e-1449-4f72-8c4a-e69f5a78d755/resourceGroups/Cloud-computing-project-b9314cffe1b8/providers/Microsoft.Network/networkInterfaces/db-private-endpoint.nic.aa914c12-7e53-4afb-a335-0b02ea62d7f9",
                "name": "db-private-endpoint.nic.aa914c12-7e53-4afb-a335-0b02ea62d7f9"
              }
            ],
            "private_dns_zone_configs": [],
            "private_dns_zone_group": [],
            "private_service_connection": [
              {
                "is_manual_connection": false,
                "name": "sql-private-connection",
                "private_connection_resource_alias": "",
                "private_connection_resource_id": "/subscriptions/e6b14f0e-1449-4f72-8c4a-e69f5a78d755/resourceGroups/Cloud-computing-project-b9314cffe1b8/providers/Microsoft.Sql/servers/counter-b9314cffe1b8",
                "private_ip_address": "10.0.1.4",
                "request_message": "",
                "subresource_names": [
                  "sqlServer"
                ]
              }
            ],
            "resource_group_name": "Cloud-computing-project-b9314cffe1b8",
            "subnet_id": "/subscriptions/e6b14f0e-1449-4f72-8c4a-e69f5a78d755/resourceGroups/Cloud-computing-project-b9314cffe1b8/providers/Microsoft.Network/virtualNetworks/vnet-10-0-0-0-16/subnets/database-subnet",
            "tags": null,
            "timeouts": null
          },
          "sensitive_attributes": [],
          "identity_schema_version": 0,
          "private": "eyJlMmJmYjczMC1lY2FhLTExZTYtOGY4OC0zNDM2M2JjN2M0YzAiOnsiY3JlYXRlIjozNjAwMDAwMDAwMDAwLCJkZWxldGUiOjM2MDAwMDAwMDAwMDAsInJlYWQiOjMwMDAwMDAwMDAwMCwidXBkYXRlIjozNjAwMDAwMDAwMDAwfX0=",
          "dependencies": [
            "module.database.azurerm_mssql_server.server",
            "module.resource_group.azurerm_resource_group.rg",
            "module.virtual_network.azurerm_subnet.database",
            "module.virtual_network.azurerm_virtual_network.vnet",
            "random_id.suffix"
          ]
        }
      ]
    },
    {
      "module": "module.resource_group",
      "mode": "managed",
      "type": "azurerm_resource_group",
      "name": "rg",
      "provider": "provider[\"registry.terraform.io/hashicorp/azurerm\"]",
      "instances": [
        {
          "schema_version": 0,
          "attributes": {
            "id": "/subscriptions/e6b14f0e-1449-4f72-8c4a-e69f5a78d755/resourceGroups/Cloud-computing-project-b9314cffe1b8",
            "location": "francecentral",
            "managed_by": "",
            "name": "Cloud-computing-project-b9314cffe1b8",
            "tags": null,
            "timeouts": null
          },
          "sensitive_attributes": [],
          "identity_schema_version": 0,
          "private": "eyJlMmJmYjczMC1lY2FhLTExZTYtOGY4OC0zNDM2M2JjN2M0YzAiOnsiY3JlYXRlIjo1NDAwMDAwMDAwMDAwLCJkZWxldGUiOjU0MDAwMDAwMDAwMDAsInJlYWQiOjMwMDAwMDAwMDAwMCwidXBkYXRlIjo1NDAwMDAwMDAwMDAwfX0=",
          "dependencies": [
            "random_id.suffix"
          ]
        }
      ]
    },
    {
      "module": "module.virtual_network",
      "mode": "managed",
      "type": "azurerm_subnet",
      "name": "database",
      "provider": "provider[\"registry.terraform.io/hashicorp/azurerm\"]",
      "instances": [
        {
          "schema_version": 0,
          "attributes": {
            "address_prefixes": [
              "10.0.1.0/24"
            ],
            "default_outbound_access_enabled": true,
            "delegation": [],
            "enforce_private_link_endpoint_network_policies": false,
            "enforce_private_link_service_network_policies": false,
            "id": "/subscriptions/e6b14f0e-1449-4f72-8c4a-e69f5a78d755/resourceGroups/Cloud-computing-project-b9314cffe1b8/providers/Microsoft.Network/virtualNetworks/vnet-10-0-0-0-16/subnets/database-subnet",
            "name": "database-subnet",
            "private_endpoint_network_policies": "Enabled",
            "private_endpoint_network_policies_enabled": true,
            "private_link_service_network_policies_enabled": true,
            "resource_group_name": "Cloud-computing-project-b9314cffe1b8",
            "service_endpoint_policy_ids": null,
            "service_endpoints": null,
            "timeouts": null,
            "virtual_network_name": "vnet-10-0-0-0-16"
          },
          "sensitive_attributes": [],
          "identity_schema_version": 0,
          "private": "eyJlMmJmYjczMC1lY2FhLTExZTYtOGY4OC0zNDM2M2JjN2M0YzAiOnsiY3JlYXRlIjoxODAwMDAwMDAwMDAwLCJkZWxldGUiOjE4MDAwMDAwMDAwMDAsInJlYWQiOjMwMDAwMDAwMDAwMCwidXBkYXRlIjoxODAwMDAwMDAwMDAwfX0=",
          "dependencies": [
            "module.resource_group.azurerm_resource_group.rg",
            "module.virtual_network.azurerm_virtual_network.vnet",
            "random_id.suffix"
          ]
        }
      ]
    },
    {
      "module": "module.virtual_network",
      "mode": "managed",
      "type": "azurerm_virtual_network",
      "name": "vnet",
      "provider": "provider[\"registry.terraform.io/hashicorp/azurerm\"]",
      "instances": [
        {
          "schema_version": 0,
          "attributes": {
            "address_space": [
              "10.0.0.0/16"
            ],
            "bgp_community": "",
            "ddos_protection_plan": [],
            "dns_servers": [],
            "edge_zone": "",
            "encryption": [],
            "flow_timeout_in_minutes": 0,
            "guid": "d1634a86-f43c-4853-9ca2-51ca6ea0aefe",
            "id": "/subscriptions/e6b14f0e-1449-4f72-8c4a-e69f5a78d755/resourceGroups/Cloud-computing-project-b9314cffe1b8/providers/Microsoft.Network/virtualNetworks/vnet-10-0-0-0-16",
            "location": "francecentral",
            "name": "vnet-10-0-0-0-16",
            "resource_group_name": "Cloud-computing-project-b9314cffe1b8",
            "subnet": [],
            "tags": null,
            "timeouts": null
          },
          "sensitive_attributes": [],
          "identity_schema_version": 0,
          "private": "eyJlMmJmYjczMC1lY2FhLTExZTYtOGY4OC0zNDM2M2JjN2M0YzAiOnsiY3JlYXRlIjoxODAwMDAwMDAwMDAwLCJkZWxldGUiOjE4MDAwMDAwMDAwMDAsInJlYWQiOjMwMDAwMDAwMDAwMCwidXBkYXRlIjoxODAwMDAwMDAwMDAwfX0=",
          "dependencies": [
            "module.resource_group.azurerm_resource_group.rg",
            "random_id.suffix"
          ]
        }
      ]
    },
    {
      "module": "module.web_app",
      "mode": "managed",
      "type": "azurerm_app_service_plan",
      "name": "asp",
      "provider": "provider[\"registry.terraform.io/hashicorp/azurerm\"]",
      "instances": [
        {
          "schema_version": 1,
          "attributes": {
            "app_service_environment_id": "",
            "id": "/subscriptions/e6b14f0e-1449-4f72-8c4a-e69f5a78d755/resourceGroups/Cloud-computing-project-b9314cffe1b8/providers/Microsoft.Web/serverFarms/web-app-b9314cffe1b8-asp",
            "is_xenon": false,
            "kind": "linux",
            "location": "francecentral",
            "maximum_elastic_worker_count": 1,
            "maximum_number_of_workers": 10,
            "name": "web-app-b9314cffe1b8-asp",
            "per_site_scaling": false,
            "reserved": true,
            "resource_group_name": "Cloud-computing-project-b9314cffe1b8",
            "sku": [
              {
                "capacity": 1,
                "size": "S1",
                "tier": "Standard"
              }
            ],
            "tags": null,
            "timeouts": null,
            "zone_redundant": false
          },
          "sensitive_attributes": [],
          "identity_schema_version": 0,
          "private": "eyJlMmJmYjczMC1lY2FhLTExZTYtOGY4OC0zNDM2M2JjN2M0YzAiOnsiY3JlYXRlIjozNjAwMDAwMDAwMDAwLCJkZWxldGUiOjM2MDAwMDAwMDAwMDAsInJlYWQiOjMwMDAwMDAwMDAwMCwidXBkYXRlIjozNjAwMDAwMDAwMDAwfSwic2NoZW1hX3ZlcnNpb24iOiIxIn0=",
          "dependencies": [
            "module.resource_group.azurerm_resource_group.rg",
            "random_id.suffix"
          ]
        }
      ]
    },
    {
      "module": "module.web_app",
      "mode": "managed",
      "type": "azurerm_linux_web_app",
      "name": "web",
      "provider": "provider[\"registry.terraform.io/hashicorp/azurerm\"]",
      "instances": [
        {
          "schema_version": 1,
          "attributes": {
            "app_settings": {
              "DATABASE_NAME": "counter",
              "DATABASE_PASSWORD": "P@ssword123",
              "DATABASE_SERVER": "counter-b9314cffe1b8",
              "DATABASE_USER": "adminuser",
              "WEBSITE_RUN_FROM_PACKAGE": "1"
            },
            "auth_settings": [],
            "auth_settings_v2": [],
            "backup": [],
            "client_affinity_enabled": false,
            "client_certificate_enabled": false,
            "client_certificate_exclusion_paths": "",
            "client_certificate_mode": "Required",
            "connection_string": [],
            "custom_domain_verification_id": "2EB8078A68336877FC49E0E0EA4321B049A7FAF7AB230B92411A872D08A3BA78",
            "default_hostname": "web-app-b9314cffe1b8.azurewebsites.net",
            "enabled": true,
            "ftp_publish_basic_authentication_enabled": true,
            "hosting_environment_id": "",
            "https_only": false,
            "id": "/subscriptions/e6b14f0e-1449-4f72-8c4a-e69f5a78d755/resourceGroups/Cloud-computing-project-b9314cffe1b8/providers/Microsoft.Web/sites/web-app-b9314cffe1b8",
            "identity": [
              {
                "identity_ids": null,
                "principal_id": "64518a86-3ba7-4170-9c76-e46256cdf572",
                "tenant_id": "19e51c11-d919-4a98-899d-9b9dc33f4e04",
                "type": "SystemAssigned"
              }
            ],
            "key_vault_reference_identity_id": "SystemAssigned",
            "kind": "app,linux",
            "location": "francecentral",
            "logs": [],
            "name": "web-app-b9314cffe1b8",
            "outbound_ip_address_list": [
              "20.74.98.94",
              "20.74.99.185",
              "20.74.103.51",
              "20.199.57.213",
              "20.199.58.89",
              "20.199.58.126",
              "20.111.1.11"
            ],
            "outbound_ip_addresses": "20.74.98.94,20.74.99.185,20.74.103.51,20.199.57.213,20.199.58.89,20.199.58.126,20.111.1.11",
            "possible_outbound_ip_address_list": [
              "20.74.98.94",
              "20.74.99.185",
              "20.74.103.51",
              "20.199.57.213",
              "20.199.58.89",
              "20.199.58.126",
              "20.199.57.232",
              "20.199.58.168",
              "20.199.59.28",
              "20.199.59.61",
              "20.199.58.59",
              "20.199.59.119",
              "20.199.59.143",
              "20.199.59.181",
              "20.199.59.213",
              "20.199.59.232",
              "20.199.60.91",
              "20.199.60.96",
              "51.138.218.218",
              "20.74.100.242",
              "20.199.60.102",
              "20.199.59.124",
              "20.199.59.252",
              "20.199.59.125",
              "20.111.1.11"
            ],
            "possible_outbound_ip_addresses": "20.74.98.94,20.74.99.185,20.74.103.51,20.199.57.213,20.199.58.89,20.199.58.126,20.199.57.232,20.199.58.168,20.199.59.28,20.199.59.61,20.199.58.59,20.199.59.119,20.199.59.143,20.199.59.181,20.199.59.213,20.199.59.232,20.199.60.91,20.199.60.96,51.138.218.218,20.74.100.242,20.199.60.102,20.199.59.124,20.199.59.252,20.199.59.125,20.111.1.11",
            "public_network_access_enabled": true,
            "resource_group_name": "Cloud-computing-project-b9314cffe1b8",
            "service_plan_id": "/subscriptions/e6b14f0e-1449-4f72-8c4a-e69f5a78d755/resourceGroups/Cloud-computing-project-b9314cffe1b8/providers/Microsoft.Web/serverFarms/web-app-b9314cffe1b8-asp",
            "site_config": [
              {
                "always_on": true,
                "api_definition_url": "",
                "api_management_api_id": "",
                "app_command_line": "",
                "application_stack": [
                  {
                    "docker_image": "",
                    "docker_image_name": "",
                    "docker_image_tag": "",
                    "docker_registry_password": "",
                    "docker_registry_url": "",
                    "docker_registry_username": "",
                    "dotnet_version": "",
                    "go_version": "",
                    "java_server": "",
                    "java_server_version": "",
                    "java_version": "",
                    "node_version": "",
                    "php_version": "",
                    "python_version": "",
                    "ruby_version": ""
                  }
                ],
                "auto_heal_enabled": false,
                "auto_heal_setting": [],
                "container_registry_managed_identity_client_id": "",
                "container_registry_use_managed_identity": false,
                "cors": [],
                "default_documents": [
                  "Default.htm",
                  "Default.html",
                  "Default.asp",
                  "index.htm",
                  "index.html",
                  "iisstart.htm",
                  "default.aspx",
                  "index.php",
                  "hostingstart.html"
                ],
                "detailed_error_logging_enabled": false,
                "ftps_state": "Disabled",
                "health_check_eviction_time_in_min": 0,
                "health_check_path": "",
                "http2_enabled": false,
                "ip_restriction": [],
                "ip_restriction_default_action": "Allow",
                "linux_fx_version": "",
                "load_balancing_mode": "LeastRequests",
                "local_mysql_enabled": false,
                "managed_pipeline_mode": "Integrated",
                "minimum_tls_version": "1.2",
                "remote_debugging_enabled": false,
                "remote_debugging_version": "VS2022",
                "scm_ip_restriction": [],
                "scm_ip_restriction_default_action": "Allow",
                "scm_minimum_tls_version": "1.2",
                "scm_type": "None",
                "scm_use_main_ip_restriction": false,
                "use_32_bit_worker": true,
                "vnet_route_all_enabled": false,
                "websockets_enabled": false,
                "worker_count": 1
              }
            ],
            "site_credential": [
              {
                "name": "$web-app-b9314cffe1b8",
                "password": "cMtnxg2lLzGKMFgHxjt4rL5s5qubW0pPss8Eoi1nhwv6qpmegalsXpC6c88s"
              }
            ],
            "sticky_settings": [],
            "storage_account": [],
            "tags": null,
            "timeouts": null,
            "virtual_network_subnet_id": "",
            "webdeploy_publish_basic_authentication_enabled": true,
            "zip_deploy_file": ""
          },
          "sensitive_attributes": [
            [
              {
                "type": "get_attr",
                "value": "custom_domain_verification_id"
              }
            ],
            [
              {
                "type": "get_attr",
                "value": "site_config"
              },
              {
                "type": "index",
                "value": {
                  "value": 0,
                  "type": "number"
                }
              },
              {
                "type": "get_attr",
                "value": "application_stack"
              },
              {
                "type": "index",
                "value": {
                  "value": 0,
                  "type": "number"
                }
              },
              {
                "type": "get_attr",
                "value": "docker_registry_password"
              }
            ],
            [
              {
                "type": "get_attr",
                "value": "site_credential"
              }
            ]
          ],
          "identity_schema_version": 0,
          "private": "eyJlMmJmYjczMC1lY2FhLTExZTYtOGY4OC0zNDM2M2JjN2M0YzAiOnsiY3JlYXRlIjoxODAwMDAwMDAwMDAwLCJkZWxldGUiOjE4MDAwMDAwMDAwMDAsInJlYWQiOjMwMDAwMDAwMDAwMCwidXBkYXRlIjoxODAwMDAwMDAwMDAwfSwic2NoZW1hX3ZlcnNpb24iOiIxIn0=",
          "dependencies": [
            "module.database.azurerm_mssql_database.db",
            "module.database.azurerm_mssql_server.server",
            "module.resource_group.azurerm_resource_group.rg",
            "module.web_app.azurerm_app_service_plan.asp",
            "random_id.suffix"
          ]
        }
      ]
    }
  ],
  "check_results": null
}
